
Microsoft Visual Studio Solution File, Format Version 12.00
# Visual Studio Version 17
VisualStudioVersion = 17.0.31919.166
MinimumVisualStudioVersion = 10.0.40219.1
Project("{FAE04EC0-301F-11D3-BF4B-00C04F79EFBC}") = "Demo_CourseEFCoreEsencial", "Demo_CourseEFCoreEsencial\Demo_CourseEFCoreEsencial.csproj", "{366AA7D5-F7CA-4E97-A3D3-1B67A0A4F86E}"
EndProject
Global
	GlobalSection(SolutionConfigurationPlatforms) = preSolution
		Debug|Any CPU = Debug|Any CPU
		Release|Any CPU = Release|Any CPU
	EndGlobalSection
	GlobalSection(ProjectConfigurationPlatforms) = postSolution
		{366AA7D5-F7CA-4E97-A3D3-1B67A0A4F86E}.Debug|Any CPU.ActiveCfg = Debug|Any CPU
		{366AA7D5-F7CA-4E97-A3D3-1B67A0A4F86E}.Debug|Any CPU.Build.0 = Debug|Any CPU
		{366AA7D5-F7CA-4E97-A3D3-1B67A0A4F86E}.Release|Any CPU.ActiveCfg = Release|Any CPU
		{366AA7D5-F7CA-4E97-A3D3-1B67A0A4F86E}.Release|Any CPU.Build.0 = Release|Any CPU
	EndGlobalSection
	GlobalSection(SolutionProperties) = preSolution
		HideSolutionNode = FALSE
	EndGlobalSection
	GlobalSection(ExtensibilityGlobals) = postSolution
		SolutionGuid = {48A5251F-416E-4415-B89A-CE5D03564422}
	EndGlobalSection
EndGlobal
